// !$*UTF8*$!
{
	archiveVersion = 1;
	classes = {
	};
	objectVersion = 77;
	objects = {

/* Begin PBXContainerItemProxy section */
		077E73252DA4549F0032917C /* PBXContainerItemProxy */ = {
			isa = PBXContainerItemProxy;
			containerPortal = 077E730E2DA4549D0032917C /* Project object */;
			proxyType = 1;
			remoteGlobalIDString = 077E73152DA4549D0032917C;
			remoteInfo = PokerPlayground;
		};
		077E732F2DA4549F0032917C /* PBXContainerItemProxy */ = {
			isa = PBXContainerItemProxy;
			containerPortal = 077E730E2DA4549D0032917C /* Project object */;
			proxyType = 1;
			remoteGlobalIDString = 077E73152DA4549D0032917C;
			remoteInfo = PokerPlayground;
		};
/* End PBXContainerItemProxy section */

/* Begin PBXFileReference section */
		077E73162DA4549D0032917C /* PokerPlayground.app */ = {isa = PBXFileReference; explicitFileType = wrapper.application; includeInIndex = 0; path = PokerPlayground.app; sourceTree = BUILT_PRODUCTS_DIR; };
		077E73242DA4549F0032917C /* PokerPlaygroundTests.xctest */ = {isa = PBXFileReference; explicitFileType = wrapper.cfbundle; includeInIndex = 0; path = PokerPlaygroundTests.xctest; sourceTree = BUILT_PRODUCTS_DIR; };
		077E732E2DA4549F0032917C /* PokerPlaygroundUITests.xctest */ = {isa = PBXFileReference; explicitFileType = wrapper.cfbundle; includeInIndex = 0; path = PokerPlaygroundUITests.xctest; sourceTree = BUILT_PRODUCTS_DIR; };
/* End PBXFileReference section */

/* Begin PBXFileSystemSynchronizedRootGroup section */
		077E73182DA4549D0032917C /* PokerPlayground */ = {
			isa = PBXFileSystemSynchronizedRootGroup;
			path = PokerPlayground;
			sourceTree = "<group>";
		};
		077E73272DA4549F0032917C /* PokerPlaygroundTests */ = {
			isa = PBXFileSystemSynchronizedRootGroup;
			path = PokerPlaygroundTests;
			sourceTree = "<group>";
		};
		077E73312DA4549F0032917C /* PokerPlaygroundUITests */ = {
			isa = PBXFileSystemSynchronizedRootGroup;
			path = PokerPlaygroundUITests;
			sourceTree = "<group>";
		};
/* End PBXFileSystemSynchronizedRootGroup section */

/* Begin PBXFrameworksBuildPhase section */
		077E73132DA4549D0032917C /* Frameworks */ = {
			isa = PBXFrameworksBuildPhase;
			buildActionMask = 2147483647;
			files = (
			);
			runOnlyForDeploymentPostprocessing = 0;
		};
		077E73212DA4549F0032917C /* Frameworks */ = {
			isa = PBXFrameworksBuildPhase;
			buildActionMask = 2147483647;
			files = (
			);
			runOnlyForDeploymentPostprocessing = 0;
		};
		077E732B2DA4549F0032917C /* Frameworks */ = {
			isa = PBXFrameworksBuildPhase;
			buildActionMask = 2147483647;
			files = (
			);
			runOnlyForDeploymentPostprocessing = 0;
		};
/* End PBXFrameworksBuildPhase section */

/* Begin PBXGroup section */
		077E730D2DA4549D0032917C = {
			isa = PBXGroup;
			children = (
				077E73182DA4549D0032917C /* PokerPlayground */,
				077E73272DA4549F0032917C /* PokerPlaygroundTests */,
				077E73312DA4549F0032917C /* PokerPlaygroundUITests */,
				077E73172DA4549D0032917C /* Products */,
			);
			sourceTree = "<group>";
		};
		077E73172DA4549D0032917C /* Products */ = {
			isa = PBXGroup;
			children = (
				077E73162DA4549D0032917C /* PokerPlayground.app */,
				077E73242DA4549F0032917C /* PokerPlaygroundTests.xctest */,
				077E732E2DA4549F0032917C /* PokerPlaygroundUITests.xctest */,
			);
			name = Products;
			sourceTree = "<group>";
		};
/* End PBXGroup section */

/* Begin PBXNativeTarget section */
		077E73152DA4549D0032917C /* PokerPlayground */ = {
			isa = PBXNativeTarget;
			buildConfigurationList = 077E73382DA4549F0032917C /* Build configuration list for PBXNativeTarget "PokerPlayground" */;
			buildPhases = (
				077E73122DA4549D0032917C /* Sources */,
				077E73132DA4549D0032917C /* Frameworks */,
				077E73142DA4549D0032917C /* Resources */,
			);
			buildRules = (
			);
			dependencies = (
			);
			fileSystemSynchronizedGroups = (
				077E73182DA4549D0032917C /* PokerPlayground */,
			);
			name = PokerPlayground;
			packageProductDependencies = (
			);
			productName = PokerPlayground;
			productReference = 077E73162DA4549D0032917C /* PokerPlayground.app */;
			productType = "com.apple.product-type.application";
		};
		077E73232DA4549F0032917C /* PokerPlaygroundTests */ = {
			isa = PBXNativeTarget;
			buildConfigurationList = 077E733B2DA4549F0032917C /* Build configuration list for PBXNativeTarget "PokerPlaygroundTests" */;
			buildPhases = (
				077E73202DA4549F0032917C /* Sources */,
				077E73212DA4549F0032917C /* Frameworks */,
				077E73222DA4549F0032917C /* Resources */,
			);
			buildRules = (
			);
			dependencies = (
				077E73262DA4549F0032917C /* PBXTargetDependency */,
			);
			fileSystemSynchronizedGroups = (
				077E73272DA4549F0032917C /* PokerPlaygroundTests */,
			);
			name = PokerPlaygroundTests;
			packageProductDependencies = (
			);
			productName = PokerPlaygroundTests;
			productReference = 077E73242DA4549F0032917C /* PokerPlaygroundTests.xctest */;
			productType = "com.apple.product-type.bundle.unit-test";
		};
		077E732D2DA4549F0032917C /* PokerPlaygroundUITests */ = {
			isa = PBXNativeTarget;
			buildConfigurationList = 077E733E2DA4549F0032917C /* Build configuration list for PBXNativeTarget "PokerPlaygroundUITests" */;
			buildPhases = (
				077E732A2DA4549F0032917C /* Sources */,
				077E732B2DA4549F0032917C /* Frameworks */,
				077E732C2DA4549F0032917C /* Resources */,
			);
			buildRules = (
			);
			dependencies = (
				077E73302DA4549F0032917C /* PBXTargetDependency */,
			);
			fileSystemSynchronizedGroups = (
				077E73312DA4549F0032917C /* PokerPlaygroundUITests */,
			);
			name = PokerPlaygroundUITests;
			packageProductDependencies = (
			);
			productName = PokerPlaygroundUITests;
			productReference = 077E732E2DA4549F0032917C /* PokerPlaygroundUITests.xctest */;
			productType = "com.apple.product-type.bundle.ui-testing";
		};
/* End PBXNativeTarget section */

/* Begin PBXProject section */
		077E730E2DA4549D0032917C /* Project object */ = {
			isa = PBXProject;
			attributes = {
				BuildIndependentTargetsInParallel = 1;
				LastSwiftUpdateCheck = 1630;
				LastUpgradeCheck = 1630;
				TargetAttributes = {
					077E73152DA4549D0032917C = {
						CreatedOnToolsVersion = 16.3;
					};
					077E73232DA4549F0032917C = {
						CreatedOnToolsVersion = 16.3;
						TestTargetID = 077E73152DA4549D0032917C;
					};
					077E732D2DA4549F0032917C = {
						CreatedOnToolsVersion = 16.3;
						TestTargetID = 077E73152DA4549D0032917C;
					};
				};
			};
			buildConfigurationList = 077E73112DA4549D0032917C /* Build configuration list for PBXProject "PokerPlayground" */;
			developmentRegion = en;
			hasScannedForEncodings = 0;
			knownRegions = (
				en,
				Base,
			);
			mainGroup = 077E730D2DA4549D0032917C;
			minimizedProjectReferenceProxies = 1;
			preferredProjectObjectVersion = 77;
			productRefGroup = 077E73172DA4549D0032917C /* Products */;
			projectDirPath = "";
			projectRoot = "";
			targets = (
				077E73152DA4549D0032917C /* PokerPlayground */,
				077E73232DA4549F0032917C /* PokerPlaygroundTests */,
				077E732D2DA4549F0032917C /* PokerPlaygroundUITests */,
			);
		};
/* End PBXProject section */

/* Begin PBXResourcesBuildPhase section */
		077E73142DA4549D0032917C /* Resources */ = {
			isa = PBXResourcesBuildPhase;
			buildActionMask = 2147483647;
			files = (
			);
			runOnlyForDeploymentPostprocessing = 0;
		};
		077E73222DA4549F0032917C /* Resources */ = {
			isa = PBXResourcesBuildPhase;
			buildActionMask = 2147483647;
			files = (
			);
			runOnlyForDeploymentPostprocessing = 0;
		};
		077E732C2DA4549F0032917C /* Resources */ = {
			isa = PBXResourcesBuildPhase;
			buildActionMask = 2147483647;
			files = (
			);
			runOnlyForDeploymentPostprocessing = 0;
		};
/* End PBXResourcesBuildPhase section */

/* Begin PBXSourcesBuildPhase section */
		077E73122DA4549D0032917C /* Sources */ = {
			isa = PBXSourcesBuildPhase;
			buildActionMask = 2147483647;
			files = (
			);
			runOnlyForDeploymentPostprocessing = 0;
		};
		077E73202DA4549F0032917C /* Sources */ = {
			isa = PBXSourcesBuildPhase;
			buildActionMask = 2147483647;
			files = (
			);
			runOnlyForDeploymentPostprocessing = 0;
		};
		077E732A2DA4549F0032917C /* Sources */ = {
			isa = PBXSourcesBuildPhase;
			buildActionMask = 2147483647;
			files = (
			);
			runOnlyForDeploymentPostprocessing = 0;
		};
/* End PBXSourcesBuildPhase section */

/* Begin PBXTargetDependency section */
		077E73262DA4549F0032917C /* PBXTargetDependency */ = {
			isa = PBXTargetDependency;
			target = 077E73152DA4549D0032917C /* PokerPlayground */;
			targetProxy = 077E73252DA4549F0032917C /* PBXContainerItemProxy */;
		};
		077E73302DA4549F0032917C /* PBXTargetDependency */ = {
			isa = PBXTargetDependency;
			target = 077E73152DA4549D0032917C /* PokerPlayground */;
			targetProxy = 077E732F2DA4549F0032917C /* PBXContainerItemProxy */;
		};
/* End PBXTargetDependency section */

/* Begin XCBuildConfiguration section */
		077E73362DA4549F0032917C /* Debug */ = {
			isa = XCBuildConfiguration;
			buildSettings = {
				ALWAYS_SEARCH_USER_PATHS = NO;
				ASSETCATALOG_COMPILER_GENERATE_SWIFT_ASSET_SYMBOL_EXTENSIONS = YES;
				CLANG_ANALYZER_NONNULL = YES;
				CLANG_ANALYZER_NUMBER_OBJECT_CONVERSION = YES_AGGRESSIVE;
				CLANG_CXX_LANGUAGE_STANDARD = "gnu++20";
				CLANG_ENABLE_MODULES = YES;
				CLANG_ENABLE_OBJC_ARC = YES;
				CLANG_ENABLE_OBJC_WEAK = YES;
				CLANG_WARN_BLOCK_CAPTURE_AUTORELEASING = YES;
				CLANG_WARN_BOOL_CONVERSION = YES;
				CLANG_WARN_COMMA = YES;
				CLANG_WARN_CONSTANT_CONVERSION = YES;
				CLANG_WARN_DEPRECATED_OBJC_IMPLEMENTATIONS = YES;
				CLANG_WARN_DIRECT_OBJC_ISA_USAGE = YES_ERROR;
				CLANG_WARN_DOCUMENTATION_COMMENTS = YES;
				CLANG_WARN_EMPTY_BODY = YES;
				CLANG_WARN_ENUM_CONVERSION = YES;
				CLANG_WARN_INFINITE_RECURSION = YES;
				CLANG_WARN_INT_CONVERSION = YES;
				CLANG_WARN_NON_LITERAL_NULL_CONVERSION = YES;
				CLANG_WARN_OBJC_IMPLICIT_RETAIN_SELF = YES;
				CLANG_WARN_OBJC_LITERAL_CONVERSION = YES;
				CLANG_WARN_OBJC_ROOT_CLASS = YES_ERROR;
				CLANG_WARN_QUOTED_INCLUDE_IN_FRAMEWORK_HEADER = YES;
				CLANG_WARN_RANGE_LOOP_ANALYSIS = YES;
				CLANG_WARN_STRICT_PROTOTYPES = YES;
				CLANG_WARN_SUSPICIOUS_MOVE = YES;
				CLANG_WARN_UNGUARDED_AVAILABILITY = YES_AGGRESSIVE;
				CLANG_WARN_UNREACHABLE_CODE = YES;
				CLANG_WARN__DUPLICATE_METHOD_MATCH = YES;
				COPY_PHASE_STRIP = NO;
				DEBUG_INFORMATION_FORMAT = dwarf;
				ENABLE_STRICT_OBJC_MSGSEND = YES;
				ENABLE_TESTABILITY = YES;
				ENABLE_USER_SCRIPT_SANDBOXING = YES;
				GCC_C_LANGUAGE_STANDARD = gnu17;
				GCC_DYNAMIC_NO_PIC = NO;
				GCC_NO_COMMON_BLOCKS = YES;
				GCC_OPTIMIZATION_LEVEL = 0;
				GCC_PREPROCESSOR_DEFINITIONS = (
					"DEBUG=1",
					"$(inherited)",
				);
				GCC_WARN_64_TO_32_BIT_CONVERSION = YES;
				GCC_WARN_ABOUT_RETURN_TYPE = YES_ERROR;
				GCC_WARN_UNDECLARED_SELECTOR = YES;
				GCC_WARN_UNINITIALIZED_AUTOS = YES_AGGRESSIVE;
				GCC_WARN_UNUSED_FUNCTION = YES;
				GCC_WARN_UNUSED_VARIABLE = YES;
				LOCALIZATION_PREFERS_STRING_CATALOGS = YES;
				MACOSX_DEPLOYMENT_TARGET = 15.4;
				MTL_ENABLE_DEBUG_INFO = INCLUDE_SOURCE;
				MTL_FAST_MATH = YES;
				ONLY_ACTIVE_ARCH = YES;
				SDKROOT = macosx;
				SWIFT_ACTIVE_COMPILATION_CONDITIONS = "DEBUG $(inherited)";
				SWIFT_OPTIMIZATION_LEVEL = "-Onone";
			};
			name = Debug;
		};
		077E73372DA4549F0032917C /* Release */ = {
			isa = XCBuildConfiguration;
			buildSettings = {
				ALWAYS_SEARCH_USER_PATHS = NO;
				ASSETCATALOG_COMPILER_GENERATE_SWIFT_ASSET_SYMBOL_EXTENSIONS = YES;
				CLANG_ANALYZER_NONNULL = YES;
				CLANG_ANALYZER_NUMBER_OBJECT_CONVERSION = YES_AGGRESSIVE;
				CLANG_CXX_LANGUAGE_STANDARD = "gnu++20";
				CLANG_ENABLE_MODULES = YES;
				CLANG_ENABLE_OBJC_ARC = YES;
				CLANG_ENABLE_OBJC_WEAK = YES;
				CLANG_WARN_BLOCK_CAPTURE_AUTORELEASING = YES;
				CLANG_WARN_BOOL_CONVERSION = YES;
				CLANG_WARN_COMMA = YES;
				CLANG_WARN_CONSTANT_CONVERSION = YES;
				CLANG_WARN_DEPRECATED_OBJC_IMPLEMENTATIONS = YES;
				CLANG_WARN_DIRECT_OBJC_ISA_USAGE = YES_ERROR;
				CLANG_WARN_DOCUMENTATION_COMMENTS = YES;
				CLANG_WARN_EMPTY_BODY = YES;
				CLANG_WARN_ENUM_CONVERSION = YES;
				CLANG_WARN_INFINITE_RECURSION = YES;
				CLANG_WARN_INT_CONVERSION = YES;
				CLANG_WARN_NON_LITERAL_NULL_CONVERSION = YES;
				CLANG_WARN_OBJC_IMPLICIT_RETAIN_SELF = YES;
				CLANG_WARN_OBJC_LITERAL_CONVERSION = YES;
				CLANG_WARN_OBJC_ROOT_CLASS = YES_ERROR;
				CLANG_WARN_QUOTED_INCLUDE_IN_FRAMEWORK_HEADER = YES;
				CLANG_WARN_RANGE_LOOP_ANALYSIS = YES;
				CLANG_WARN_STRICT_PROTOTYPES = YES;
				CLANG_WARN_SUSPICIOUS_MOVE = YES;
				CLANG_WARN_UNGUARDED_AVAILABILITY = YES_AGGRESSIVE;
				CLANG_WARN_UNREACHABLE_CODE = YES;
				CLANG_WARN__DUPLICATE_METHOD_MATCH = YES;
				COPY_PHASE_STRIP = NO;
				DEBUG_INFORMATION_FORMAT = "dwarf-with-dsym";
				ENABLE_NS_ASSERTIONS = NO;
				ENABLE_STRICT_OBJC_MSGSEND = YES;
				ENABLE_USER_SCRIPT_SANDBOXING = YES;
				GCC_C_LANGUAGE_STANDARD = gnu17;
				GCC_NO_COMMON_BLOCKS = YES;
				GCC_WARN_64_TO_32_BIT_CONVERSION = YES;
				GCC_WARN_ABOUT_RETURN_TYPE = YES_ERROR;
				GCC_WARN_UNDECLARED_SELECTOR = YES;
				GCC_WARN_UNINITIALIZED_AUTOS = YES_AGGRESSIVE;
				GCC_WARN_UNUSED_FUNCTION = YES;
				GCC_WARN_UNUSED_VARIABLE = YES;
				LOCALIZATION_PREFERS_STRING_CATALOGS = YES;
				MACOSX_DEPLOYMENT_TARGET = 15.4;
				MTL_ENABLE_DEBUG_INFO = NO;
				MTL_FAST_MATH = YES;
				SDKROOT = macosx;
				SWIFT_COMPILATION_MODE = wholemodule;
			};
			name = Release;
		};
		077E73392DA4549F0032917C /* Debug */ = {
			isa = XCBuildConfiguration;
			buildSettings = {
				ASSETCATALOG_COMPILER_APPICON_NAME = AppIcon;
				ASSETCATALOG_COMPILER_GLOBAL_ACCENT_COLOR_NAME = AccentColor;
				CODE_SIGN_ENTITLEMENTS = PokerPlayground/PokerPlayground.entitlements;
				CODE_SIGN_STYLE = Automatic;
				COMBINE_HIDPI_IMAGES = YES;
				CURRENT_PROJECT_VERSION = 1;
				ENABLE_PREVIEWS = YES;
				GENERATE_INFOPLIST_FILE = YES;
				INFOPLIST_KEY_NSHumanReadableCopyright = "";
				LD_RUNPATH_SEARCH_PATHS = (
					"$(inherited)",
					"@executable_path/../Frameworks",
				);
				MARKETING_VERSION = 1.0;
				PRODUCT_BUNDLE_IDENTIFIER = com.Omar.PokerPlayground;
				PRODUCT_NAME = "$(TARGET_NAME)";
				REGISTER_APP_GROUPS = YES;
				SWIFT_EMIT_LOC_STRINGS = YES;
				SWIFT_VERSION = 5.0;
			};
			name = Debug;
		};
		077E733A2DA4549F0032917C /* Release */ = {
			isa = XCBuildConfiguration;
			buildSettings = {
				ASSETCATALOG_COMPILER_APPICON_NAME = AppIcon;
				ASSETCATALOG_COMPILER_GLOBAL_ACCENT_COLOR_NAME = AccentColor;
				CODE_SIGN_ENTITLEMENTS = PokerPlayground/PokerPlayground.entitlements;
				CODE_SIGN_STYLE = Automatic;
				COMBINE_HIDPI_IMAGES = YES;
				CURRENT_PROJECT_VERSION = 1;
				ENABLE_PREVIEWS = YES;
				GENERATE_INFOPLIST_FILE = YES;
				INFOPLIST_KEY_NSHumanReadableCopyright = "";
				LD_RUNPATH_SEARCH_PATHS = (
					"$(inherited)",
					"@executable_path/../Frameworks",
				);
				MARKETING_VERSION = 1.0;
				PRODUCT_BUNDLE_IDENTIFIER = com.Omar.PokerPlayground;
				PRODUCT_NAME = "$(TARGET_NAME)";
				REGISTER_APP_GROUPS = YES;
				SWIFT_EMIT_LOC_STRINGS = YES;
				SWIFT_VERSION = 5.0;
			};
			name = Release;
		};
		077E733C2DA4549F0032917C /* Debug */ = {
			isa = XCBuildConfiguration;
			buildSettings = {
				BUNDLE_LOADER = "$(TEST_HOST)";
				CODE_SIGN_STYLE = Automatic;
				CURRENT_PROJECT_VERSION = 1;
				GENERATE_INFOPLIST_FILE = YES;
				MACOSX_DEPLOYMENT_TARGET = 15.4;
				MARKETING_VERSION = 1.0;
				PRODUCT_BUNDLE_IDENTIFIER = com.Omar.PokerPlaygroundTests;
				PRODUCT_NAME = "$(TARGET_NAME)";
				SWIFT_EMIT_LOC_STRINGS = NO;
				SWIFT_VERSION = 5.0;
				TEST_HOST = "$(BUILT_PRODUCTS_DIR)/PokerPlayground.app/$(BUNDLE_EXECUTABLE_FOLDER_PATH)/PokerPlayground";
			};
			name = Debug;
		};
		077E733D2DA4549F0032917C /* Release */ = {
			isa = XCBuildConfiguration;
			buildSettings = {
				BUNDLE_LOADER = "$(TEST_HOST)";
				CODE_SIGN_STYLE = Automatic;
				CURRENT_PROJECT_VERSION = 1;
				GENERATE_INFOPLIST_FILE = YES;
				MACOSX_DEPLOYMENT_TARGET = 15.4;
				MARKETING_VERSION = 1.0;
				PRODUCT_BUNDLE_IDENTIFIER = com.Omar.PokerPlaygroundTests;
				PRODUCT_NAME = "$(TARGET_NAME)";
				SWIFT_EMIT_LOC_STRINGS = NO;
				SWIFT_VERSION = 5.0;
				TEST_HOST = "$(BUILT_PRODUCTS_DIR)/PokerPlayground.app/$(BUNDLE_EXECUTABLE_FOLDER_PATH)/PokerPlayground";
			};
			name = Release;
		};
		077E733F2DA4549F0032917C /* Debug */ = {
			isa = XCBuildConfiguration;
			buildSettings = {
				CODE_SIGN_STYLE = Automatic;
				CURRENT_PROJECT_VERSION = 1;
				GENERATE_INFOPLIST_FILE = YES;
				MARKETING_VERSION = 1.0;
				PRODUCT_BUNDLE_IDENTIFIER = com.Omar.PokerPlaygroundUITests;
				PRODUCT_NAME = "$(TARGET_NAME)";
				SWIFT_EMIT_LOC_STRINGS = NO;
				SWIFT_VERSION = 5.0;
				TEST_TARGET_NAME = PokerPlayground;
			};
			name = Debug;
		};
		077E73402DA4549F0032917C /* Release */ = {
			isa = XCBuildConfiguration;
			buildSettings = {
				CODE_SIGN_STYLE = Automatic;
				CURRENT_PROJECT_VERSION = 1;
				GENERATE_INFOPLIST_FILE = YES;
				MARKETING_VERSION = 1.0;
				PRODUCT_BUNDLE_IDENTIFIER = com.Omar.PokerPlaygroundUITests;
				PRODUCT_NAME = "$(TARGET_NAME)";
				SWIFT_EMIT_LOC_STRINGS = NO;
				SWIFT_VERSION = 5.0;
				TEST_TARGET_NAME = PokerPlayground;
			};
			name = Release;
		};
/* End XCBuildConfiguration section */

/* Begin XCConfigurationList section */
		077E73112DA4549D0032917C /* Build configuration list for PBXProject "PokerPlayground" */ = {
			isa = XCConfigurationList;
			buildConfigurations = (
				077E73362DA4549F0032917C /* Debug */,
				077E73372DA4549F0032917C /* Release */,
			);
			defaultConfigurationIsVisible = 0;
			defaultConfigurationName = Release;
		};
		077E73382DA4549F0032917C /* Build configuration list for PBXNativeTarget "PokerPlayground" */ = {
			isa = XCConfigurationList;
			buildConfigurations = (
				077E73392DA4549F0032917C /* Debug */,
				077E733A2DA4549F0032917C /* Release */,
			);
			defaultConfigurationIsVisible = 0;
			defaultConfigurationName = Release;
		};
		077E733B2DA4549F0032917C /* Build configuration list for PBXNativeTarget "PokerPlaygroundTests" */ = {
			isa = XCConfigurationList;
			buildConfigurations = (
				077E733C2DA4549F0032917C /* Debug */,
				077E733D2DA4549F0032917C /* Release */,
			);
			defaultConfigurationIsVisible = 0;
			defaultConfigurationName = Release;
		};
		077E733E2DA4549F0032917C /* Build configuration list for PBXNativeTarget "PokerPlaygroundUITests" */ = {
			isa = XCConfigurationList;
			buildConfigurations = (
				077E733F2DA4549F0032917C /* Debug */,
				077E73402DA4549F0032917C /* Release */,
			);
			defaultConfigurationIsVisible = 0;
			defaultConfigurationName = Release;
		};
/* End XCConfigurationList section */
	};
	rootObject = 077E730E2DA4549D0032917C /* Project object */;
}
